
Microsoft Visual Studio Solution File, Format Version 12.00
# Visual Studio Version 17
VisualStudioVersion = 17.14.36623.8 d17.14
MinimumVisualStudioVersion = 10.0.40219.1
Project("{FAE04EC0-301F-11D3-BF4B-00C04F79EFBC}") = "NestedListViewSample", "NestedListViewSample.csproj", "{1A650576-6737-4176-B139-07F4AD6E6EEB}"
EndProject
Global
	GlobalSection(SolutionConfigurationPlatforms) = preSolution
		Debug|Any CPU = Debug|Any CPU
		Release|Any CPU = Release|Any CPU
	EndGlobalSection
	GlobalSection(ProjectConfigurationPlatforms) = postSolution
		{1A650576-6737-4176-B139-07F4AD6E6EEB}.Debug|Any CPU.ActiveCfg = Debug|Any CPU
		{1A650576-6737-4176-B139-07F4AD6E6EEB}.Debug|Any CPU.Build.0 = Debug|Any CPU
		{1A650576-6737-4176-B139-07F4AD6E6EEB}.Release|Any CPU.ActiveCfg = Release|Any CPU
		{1A650576-6737-4176-B139-07F4AD6E6EEB}.Release|Any CPU.Build.0 = Release|Any CPU
	EndGlobalSection
	GlobalSection(SolutionProperties) = preSolution
		HideSolutionNode = FALSE
	EndGlobalSection
	GlobalSection(ExtensibilityGlobals) = postSolution
		SolutionGuid = {2CFCB8D6-FF96-47AD-B913-94EB778B6710}
	EndGlobalSection
EndGlobal
